
Microsoft Visual Studio Solution File, Format Version 12.00
# Visual Studio Version 17
VisualStudioVersion = 17.9.34723.18
MinimumVisualStudioVersion = 10.0.40219.1
Project("{FAE04EC0-301F-11D3-BF4B-00C04F79EFBC}") = "ContactManagement", "ContactManagement\ContactManagement.csproj", "{0D6749F2-89BA-4F3A-A7A6-D231ADDED041}"
EndProject
Global
	GlobalSection(SolutionConfigurationPlatforms) = preSolution
		Debug|Any CPU = Debug|Any CPU
		Release|Any CPU = Release|Any CPU
	EndGlobalSection
	GlobalSection(ProjectConfigurationPlatforms) = postSolution
		{0D6749F2-89BA-4F3A-A7A6-D231ADDED041}.Debug|Any CPU.ActiveCfg = Debug|Any CPU
		{0D6749F2-89BA-4F3A-A7A6-D231ADDED041}.Debug|Any CPU.Build.0 = Debug|Any CPU
		{0D6749F2-89BA-4F3A-A7A6-D231ADDED041}.Release|Any CPU.ActiveCfg = Release|Any CPU
		{0D6749F2-89BA-4F3A-A7A6-D231ADDED041}.Release|Any CPU.Build.0 = Release|Any CPU
	EndGlobalSection
	GlobalSection(SolutionProperties) = preSolution
		HideSolutionNode = FALSE
	EndGlobalSection
	GlobalSection(ExtensibilityGlobals) = postSolution
		SolutionGuid = {758EEF7C-31F2-4418-A875-18B08D1799D6}
	EndGlobalSection
EndGlobal
